// !$*UTF8*$!
{
	archiveVersion = 1;
	classes = {
	};
	objectVersion = 55;
	objects = {

/* Begin PBXBuildFile section */
		70B25510E078CFC51BAB867C /* Pods_BannerCollectionViewDemo.framework in Frameworks */ = {isa = PBXBuildFile; fileRef = 3F25411B3F1B361CF25C27C7 /* Pods_BannerCollectionViewDemo.framework */; };
		F959FA3C2A161125008637B5 /* BannerRowCell.swift in Sources */ = {isa = PBXBuildFile; fileRef = F959FA3A2A161125008637B5 /* BannerRowCell.swift */; };
		F959FA3D2A161125008637B5 /* BannerRowCell.xib in Resources */ = {isa = PBXBuildFile; fileRef = F959FA3B2A161125008637B5 /* BannerRowCell.xib */; };
		F959FA402A1611B4008637B5 /* SDWebImage in Frameworks */ = {isa = PBXBuildFile; productRef = F959FA3F2A1611B4008637B5 /* SDWebImage */; };
		F959FA442A16216A008637B5 /* UIView+Extension.swift in Sources */ = {isa = PBXBuildFile; fileRef = F959FA432A16216A008637B5 /* UIView+Extension.swift */; };
		F9B3E6C62A160B52002AEB60 /* AppDelegate.swift in Sources */ = {isa = PBXBuildFile; fileRef = F9B3E6C52A160B52002AEB60 /* AppDelegate.swift */; };
		F9B3E6C82A160B52002AEB60 /* SceneDelegate.swift in Sources */ = {isa = PBXBuildFile; fileRef = F9B3E6C72A160B52002AEB60 /* SceneDelegate.swift */; };
		F9B3E6CA2A160B52002AEB60 /* ViewController.swift in Sources */ = {isa = PBXBuildFile; fileRef = F9B3E6C92A160B52002AEB60 /* ViewController.swift */; };
		F9B3E6CD2A160B52002AEB60 /* Main.storyboard in Resources */ = {isa = PBXBuildFile; fileRef = F9B3E6CB2A160B52002AEB60 /* Main.storyboard */; };
		F9B3E6CF2A160B56002AEB60 /* Assets.xcassets in Resources */ = {isa = PBXBuildFile; fileRef = F9B3E6CE2A160B56002AEB60 /* Assets.xcassets */; };
		F9B3E6D22A160B56002AEB60 /* LaunchScreen.storyboard in Resources */ = {isa = PBXBuildFile; fileRef = F9B3E6D02A160B56002AEB60 /* LaunchScreen.storyboard */; };
/* End PBXBuildFile section */

/* Begin PBXFileReference section */
		3F25411B3F1B361CF25C27C7 /* Pods_BannerCollectionViewDemo.framework */ = {isa = PBXFileReference; explicitFileType = wrapper.framework; includeInIndex = 0; path = Pods_BannerCollectionViewDemo.framework; sourceTree = BUILT_PRODUCTS_DIR; };
		68076D36F642FED0E01F5238 /* Pods-BannerCollectionViewDemo.debug.xcconfig */ = {isa = PBXFileReference; includeInIndex = 1; lastKnownFileType = text.xcconfig; name = "Pods-BannerCollectionViewDemo.debug.xcconfig"; path = "Target Support Files/Pods-BannerCollectionViewDemo/Pods-BannerCollectionViewDemo.debug.xcconfig"; sourceTree = "<group>"; };
		6AB0C2493EC4C53A3C044E5C /* Pods-BannerCollectionViewDemo.release.xcconfig */ = {isa = PBXFileReference; includeInIndex = 1; lastKnownFileType = text.xcconfig; name = "Pods-BannerCollectionViewDemo.release.xcconfig"; path = "Target Support Files/Pods-BannerCollectionViewDemo/Pods-BannerCollectionViewDemo.release.xcconfig"; sourceTree = "<group>"; };
		F959FA3A2A161125008637B5 /* BannerRowCell.swift */ = {isa = PBXFileReference; lastKnownFileType = sourcecode.swift; path = BannerRowCell.swift; sourceTree = "<group>"; };
		F959FA3B2A161125008637B5 /* BannerRowCell.xib */ = {isa = PBXFileReference; lastKnownFileType = file.xib; path = BannerRowCell.xib; sourceTree = "<group>"; };
		F959FA432A16216A008637B5 /* UIView+Extension.swift */ = {isa = PBXFileReference; lastKnownFileType = sourcecode.swift; path = "UIView+Extension.swift"; sourceTree = "<group>"; };
		F9B3E6C22A160B52002AEB60 /* BannerCollectionViewDemo.app */ = {isa = PBXFileReference; explicitFileType = wrapper.application; includeInIndex = 0; path = BannerCollectionViewDemo.app; sourceTree = BUILT_PRODUCTS_DIR; };
		F9B3E6C52A160B52002AEB60 /* AppDelegate.swift */ = {isa = PBXFileReference; lastKnownFileType = sourcecode.swift; path = AppDelegate.swift; sourceTree = "<group>"; };
		F9B3E6C72A160B52002AEB60 /* SceneDelegate.swift */ = {isa = PBXFileReference; lastKnownFileType = sourcecode.swift; path = SceneDelegate.swift; sourceTree = "<group>"; };
		F9B3E6C92A160B52002AEB60 /* ViewController.swift */ = {isa = PBXFileReference; lastKnownFileType = sourcecode.swift; path = ViewController.swift; sourceTree = "<group>"; };
		F9B3E6CC2A160B52002AEB60 /* Base */ = {isa = PBXFileReference; lastKnownFileType = file.storyboard; name = Base; path = Base.lproj/Main.storyboard; sourceTree = "<group>"; };
		F9B3E6CE2A160B56002AEB60 /* Assets.xcassets */ = {isa = PBXFileReference; lastKnownFileType = folder.assetcatalog; path = Assets.xcassets; sourceTree = "<group>"; };
		F9B3E6D12A160B56002AEB60 /* Base */ = {isa = PBXFileReference; lastKnownFileType = file.storyboard; name = Base; path = Base.lproj/LaunchScreen.storyboard; sourceTree = "<group>"; };
		F9B3E6D32A160B56002AEB60 /* Info.plist */ = {isa = PBXFileReference; lastKnownFileType = text.plist.xml; path = Info.plist; sourceTree = "<group>"; };
/* End PBXFileReference section */

/* Begin PBXFrameworksBuildPhase section */
		F9B3E6BF2A160B52002AEB60 /* Frameworks */ = {
			isa = PBXFrameworksBuildPhase;
			buildActionMask = 2147483647;
			files = (
				F959FA402A1611B4008637B5 /* SDWebImage in Frameworks */,
				70B25510E078CFC51BAB867C /* Pods_BannerCollectionViewDemo.framework in Frameworks */,
			);
			runOnlyForDeploymentPostprocessing = 0;
		};
/* End PBXFrameworksBuildPhase section */

/* Begin PBXGroup section */
		35BBFA21B733D923087054B5 /* Frameworks */ = {
			isa = PBXGroup;
			children = (
				3F25411B3F1B361CF25C27C7 /* Pods_BannerCollectionViewDemo.framework */,
			);
			name = Frameworks;
			sourceTree = "<group>";
		};
		8C7EB51420ED7D3C1C07F94F /* Pods */ = {
			isa = PBXGroup;
			children = (
				68076D36F642FED0E01F5238 /* Pods-BannerCollectionViewDemo.debug.xcconfig */,
				6AB0C2493EC4C53A3C044E5C /* Pods-BannerCollectionViewDemo.release.xcconfig */,
			);
			path = Pods;
			sourceTree = "<group>";
		};
		F959FA392A1610DF008637B5 /* Cell-Nibs */ = {
			isa = PBXGroup;
			children = (
				F959FA3A2A161125008637B5 /* BannerRowCell.swift */,
				F959FA3B2A161125008637B5 /* BannerRowCell.xib */,
			);
			path = "Cell-Nibs";
			sourceTree = "<group>";
		};
		F959FA412A1620E0008637B5 /* Helper */ = {
			isa = PBXGroup;
			children = (
				F959FA422A16215C008637B5 /* Extensions */,
			);
			path = Helper;
			sourceTree = "<group>";
		};
		F959FA422A16215C008637B5 /* Extensions */ = {
			isa = PBXGroup;
			children = (
				F959FA432A16216A008637B5 /* UIView+Extension.swift */,
			);
			path = Extensions;
			sourceTree = "<group>";
		};
		F9B3E6B92A160B52002AEB60 = {
			isa = PBXGroup;
			children = (
				F9B3E6C42A160B52002AEB60 /* BannerCollectionViewDemo */,
				F9B3E6C32A160B52002AEB60 /* Products */,
				8C7EB51420ED7D3C1C07F94F /* Pods */,
				35BBFA21B733D923087054B5 /* Frameworks */,
			);
			sourceTree = "<group>";
		};
		F9B3E6C32A160B52002AEB60 /* Products */ = {
			isa = PBXGroup;
			children = (
				F9B3E6C22A160B52002AEB60 /* BannerCollectionViewDemo.app */,
			);
			name = Products;
			sourceTree = "<group>";
		};
		F9B3E6C42A160B52002AEB60 /* BannerCollectionViewDemo */ = {
			isa = PBXGroup;
			children = (
				F9B3E6D92A160C30002AEB60 /* App */,
				F959FA412A1620E0008637B5 /* Helper */,
				F9B3E6DA2A160C3E002AEB60 /* ViewController */,
				F9B3E6DB2A160C4C002AEB60 /* Storyboard */,
				F9B3E6DD2A160C69002AEB60 /* LaunchScreen */,
				F9B3E6DC2A160C5D002AEB60 /* Assets */,
				F9B3E6D32A160B56002AEB60 /* Info.plist */,
			);
			path = BannerCollectionViewDemo;
			sourceTree = "<group>";
		};
		F9B3E6D92A160C30002AEB60 /* App */ = {
			isa = PBXGroup;
			children = (
				F9B3E6C52A160B52002AEB60 /* AppDelegate.swift */,
				F9B3E6C72A160B52002AEB60 /* SceneDelegate.swift */,
			);
			path = App;
			sourceTree = "<group>";
		};
		F9B3E6DA2A160C3E002AEB60 /* ViewController */ = {
			isa = PBXGroup;
			children = (
				F959FA392A1610DF008637B5 /* Cell-Nibs */,
				F9B3E6C92A160B52002AEB60 /* ViewController.swift */,
			);
			path = ViewController;
			sourceTree = "<group>";
		};
		F9B3E6DB2A160C4C002AEB60 /* Storyboard */ = {
			isa = PBXGroup;
			children = (
				F9B3E6CB2A160B52002AEB60 /* Main.storyboard */,
			);
			path = Storyboard;
			sourceTree = "<group>";
		};
		F9B3E6DC2A160C5D002AEB60 /* Assets */ = {
			isa = PBXGroup;
			children = (
				F9B3E6CE2A160B56002AEB60 /* Assets.xcassets */,
			);
			path = Assets;
			sourceTree = "<group>";
		};
		F9B3E6DD2A160C69002AEB60 /* LaunchScreen */ = {
			isa = PBXGroup;
			children = (
				F9B3E6D02A160B56002AEB60 /* LaunchScreen.storyboard */,
			);
			path = LaunchScreen;
			sourceTree = "<group>";
		};
/* End PBXGroup section */

/* Begin PBXNativeTarget section */
		F9B3E6C12A160B52002AEB60 /* BannerCollectionViewDemo */ = {
			isa = PBXNativeTarget;
			buildConfigurationList = F9B3E6D62A160B56002AEB60 /* Build configuration list for PBXNativeTarget "BannerCollectionViewDemo" */;
			buildPhases = (
				C6959B3B7CC46119BEC24C4A /* [CP] Check Pods Manifest.lock */,
				F9B3E6BE2A160B52002AEB60 /* Sources */,
				F9B3E6BF2A160B52002AEB60 /* Frameworks */,
				F9B3E6C02A160B52002AEB60 /* Resources */,
				C5D8A665FD0D473E1D458F0C /* [CP] Embed Pods Frameworks */,
			);
			buildRules = (
			);
			dependencies = (
			);
			name = BannerCollectionViewDemo;
			packageProductDependencies = (
				F959FA3F2A1611B4008637B5 /* SDWebImage */,
			);
			productName = BannerCollectionViewDemo;
			productReference = F9B3E6C22A160B52002AEB60 /* BannerCollectionViewDemo.app */;
			productType = "com.apple.product-type.application";
		};
/* End PBXNativeTarget section */

/* Begin PBXProject section */
		F9B3E6BA2A160B52002AEB60 /* Project object */ = {
			isa = PBXProject;
			attributes = {
				BuildIndependentTargetsInParallel = 1;
				LastSwiftUpdateCheck = 1420;
				LastUpgradeCheck = 1420;
				TargetAttributes = {
					F9B3E6C12A160B52002AEB60 = {
						CreatedOnToolsVersion = 14.2;
					};
				};
			};
			buildConfigurationList = F9B3E6BD2A160B52002AEB60 /* Build configuration list for PBXProject "BannerCollectionViewDemo" */;
			compatibilityVersion = "Xcode 13.0";
			developmentRegion = en;
			hasScannedForEncodings = 0;
			knownRegions = (
				en,
				Base,
			);
			mainGroup = F9B3E6B92A160B52002AEB60;
			packageReferences = (
				F959FA3E2A1611B4008637B5 /* XCRemoteSwiftPackageReference "SDWebImage" */,
			);
			productRefGroup = F9B3E6C32A160B52002AEB60 /* Products */;
			projectDirPath = "";
			projectRoot = "";
			targets = (
				F9B3E6C12A160B52002AEB60 /* BannerCollectionViewDemo */,
			);
		};
/* End PBXProject section */

/* Begin PBXResourcesBuildPhase section */
		F9B3E6C02A160B52002AEB60 /* Resources */ = {
			isa = PBXResourcesBuildPhase;
			buildActionMask = 2147483647;
			files = (
				F959FA3D2A161125008637B5 /* BannerRowCell.xib in Resources */,
				F9B3E6D22A160B56002AEB60 /* LaunchScreen.storyboard in Resources */,
				F9B3E6CF2A160B56002AEB60 /* Assets.xcassets in Resources */,
				F9B3E6CD2A160B52002AEB60 /* Main.storyboard in Resources */,
			);
			runOnlyForDeploymentPostprocessing = 0;
		};
/* End PBXResourcesBuildPhase section */

/* Begin PBXShellScriptBuildPhase section */
		C5D8A665FD0D473E1D458F0C /* [CP] Embed Pods Frameworks */ = {
			isa = PBXShellScriptBuildPhase;
			buildActionMask = 2147483647;
			files = (
			);
			inputFileListPaths = (
				"${PODS_ROOT}/Target Support Files/Pods-BannerCollectionViewDemo/Pods-BannerCollectionViewDemo-frameworks-${CONFIGURATION}-input-files.xcfilelist",
			);
			name = "[CP] Embed Pods Frameworks";
			outputFileListPaths = (
				"${PODS_ROOT}/Target Support Files/Pods-BannerCollectionViewDemo/Pods-BannerCollectionViewDemo-frameworks-${CONFIGURATION}-output-files.xcfilelist",
			);
			runOnlyForDeploymentPostprocessing = 0;
			shellPath = /bin/sh;
			shellScript = "\"${PODS_ROOT}/Target Support Files/Pods-BannerCollectionViewDemo/Pods-BannerCollectionViewDemo-frameworks.sh\"\n";
			showEnvVarsInLog = 0;
		};
		C6959B3B7CC46119BEC24C4A /* [CP] Check Pods Manifest.lock */ = {
			isa = PBXShellScriptBuildPhase;
			buildActionMask = 2147483647;
			files = (
			);
			inputFileListPaths = (
			);
			inputPaths = (
				"${PODS_PODFILE_DIR_PATH}/Podfile.lock",
				"${PODS_ROOT}/Manifest.lock",
			);
			name = "[CP] Check Pods Manifest.lock";
			outputFileListPaths = (
			);
			outputPaths = (
				"$(DERIVED_FILE_DIR)/Pods-BannerCollectionViewDemo-checkManifestLockResult.txt",
			);
			runOnlyForDeploymentPostprocessing = 0;
			shellPath = /bin/sh;
			shellScript = "diff \"${PODS_PODFILE_DIR_PATH}/Podfile.lock\" \"${PODS_ROOT}/Manifest.lock\" > /dev/null\nif [ $? != 0 ] ; then\n    # print error to STDERR\n    echo \"error: The sandbox is not in sync with the Podfile.lock. Run 'pod install' or update your CocoaPods installation.\" >&2\n    exit 1\nfi\n# This output is used by Xcode 'outputs' to avoid re-running this script phase.\necho \"SUCCESS\" > \"${SCRIPT_OUTPUT_FILE_0}\"\n";
			showEnvVarsInLog = 0;
		};
/* End PBXShellScriptBuildPhase section */

/* Begin PBXSourcesBuildPhase section */
		F9B3E6BE2A160B52002AEB60 /* Sources */ = {
			isa = PBXSourcesBuildPhase;
			buildActionMask = 2147483647;
			files = (
				F959FA3C2A161125008637B5 /* BannerRowCell.swift in Sources */,
				F9B3E6CA2A160B52002AEB60 /* ViewController.swift in Sources */,
				F9B3E6C62A160B52002AEB60 /* AppDelegate.swift in Sources */,
				F959FA442A16216A008637B5 /* UIView+Extension.swift in Sources */,
				F9B3E6C82A160B52002AEB60 /* SceneDelegate.swift in Sources */,
			);
			runOnlyForDeploymentPostprocessing = 0;
		};
/* End PBXSourcesBuildPhase section */

/* Begin PBXVariantGroup section */
		F9B3E6CB2A160B52002AEB60 /* Main.storyboard */ = {
			isa = PBXVariantGroup;
			children = (
				F9B3E6CC2A160B52002AEB60 /* Base */,
			);
			name = Main.storyboard;
			sourceTree = "<group>";
		};
		F9B3E6D02A160B56002AEB60 /* LaunchScreen.storyboard */ = {
			isa = PBXVariantGroup;
			children = (
				F9B3E6D12A160B56002AEB60 /* Base */,
			);
			name = LaunchScreen.storyboard;
			sourceTree = "<group>";
		};
/* End PBXVariantGroup section */

/* Begin XCBuildConfiguration section */
		F9B3E6D42A160B56002AEB60 /* Debug */ = {
			isa = XCBuildConfiguration;
			buildSettings = {
				ALWAYS_SEARCH_USER_PATHS = NO;
				CLANG_ANALYZER_NONNULL = YES;
				CLANG_ANALYZER_NUMBER_OBJECT_CONVERSION = YES_AGGRESSIVE;
				CLANG_CXX_LANGUAGE_STANDARD = "gnu++20";
				CLANG_ENABLE_MODULES = YES;
				CLANG_ENABLE_OBJC_ARC = YES;
				CLANG_ENABLE_OBJC_WEAK = YES;
				CLANG_WARN_BLOCK_CAPTURE_AUTORELEASING = YES;
				CLANG_WARN_BOOL_CONVERSION = YES;
				CLANG_WARN_COMMA = YES;
				CLANG_WARN_CONSTANT_CONVERSION = YES;
				CLANG_WARN_DEPRECATED_OBJC_IMPLEMENTATIONS = YES;
				CLANG_WARN_DIRECT_OBJC_ISA_USAGE = YES_ERROR;
				CLANG_WARN_DOCUMENTATION_COMMENTS = YES;
				CLANG_WARN_EMPTY_BODY = YES;
				CLANG_WARN_ENUM_CONVERSION = YES;
				CLANG_WARN_INFINITE_RECURSION = YES;
				CLANG_WARN_INT_CONVERSION = YES;
				CLANG_WARN_NON_LITERAL_NULL_CONVERSION = YES;
				CLANG_WARN_OBJC_IMPLICIT_RETAIN_SELF = YES;
				CLANG_WARN_OBJC_LITERAL_CONVERSION = YES;
				CLANG_WARN_OBJC_ROOT_CLASS = YES_ERROR;
				CLANG_WARN_QUOTED_INCLUDE_IN_FRAMEWORK_HEADER = YES;
				CLANG_WARN_RANGE_LOOP_ANALYSIS = YES;
				CLANG_WARN_STRICT_PROTOTYPES = YES;
				CLANG_WARN_SUSPICIOUS_MOVE = YES;
				CLANG_WARN_UNGUARDED_AVAILABILITY = YES_AGGRESSIVE;
				CLANG_WARN_UNREACHABLE_CODE = YES;
				CLANG_WARN__DUPLICATE_METHOD_MATCH = YES;
				COPY_PHASE_STRIP = NO;
				DEBUG_INFORMATION_FORMAT = dwarf;
				ENABLE_STRICT_OBJC_MSGSEND = YES;
				ENABLE_TESTABILITY = YES;
				GCC_C_LANGUAGE_STANDARD = gnu11;
				GCC_DYNAMIC_NO_PIC = NO;
				GCC_NO_COMMON_BLOCKS = YES;
				GCC_OPTIMIZATION_LEVEL = 0;
				GCC_PREPROCESSOR_DEFINITIONS = (
					"DEBUG=1",
					"$(inherited)",
				);
				GCC_WARN_64_TO_32_BIT_CONVERSION = YES;
				GCC_WARN_ABOUT_RETURN_TYPE = YES_ERROR;
				GCC_WARN_UNDECLARED_SELECTOR = YES;
				GCC_WARN_UNINITIALIZED_AUTOS = YES_AGGRESSIVE;
				GCC_WARN_UNUSED_FUNCTION = YES;
				GCC_WARN_UNUSED_VARIABLE = YES;
				IPHONEOS_DEPLOYMENT_TARGET = 15.0;
				MTL_ENABLE_DEBUG_INFO = INCLUDE_SOURCE;
				MTL_FAST_MATH = YES;
				ONLY_ACTIVE_ARCH = YES;
				SDKROOT = iphoneos;
				SWIFT_ACTIVE_COMPILATION_CONDITIONS = DEBUG;
				SWIFT_OPTIMIZATION_LEVEL = "-Onone";
			};
			name = Debug;
		};
		F9B3E6D52A160B56002AEB60 /* Release */ = {
			isa = XCBuildConfiguration;
			buildSettings = {
				ALWAYS_SEARCH_USER_PATHS = NO;
				CLANG_ANALYZER_NONNULL = YES;
				CLANG_ANALYZER_NUMBER_OBJECT_CONVERSION = YES_AGGRESSIVE;
				CLANG_CXX_LANGUAGE_STANDARD = "gnu++20";
				CLANG_ENABLE_MODULES = YES;
				CLANG_ENABLE_OBJC_ARC = YES;
				CLANG_ENABLE_OBJC_WEAK = YES;
				CLANG_WARN_BLOCK_CAPTURE_AUTORELEASING = YES;
				CLANG_WARN_BOOL_CONVERSION = YES;
				CLANG_WARN_COMMA = YES;
				CLANG_WARN_CONSTANT_CONVERSION = YES;
				CLANG_WARN_DEPRECATED_OBJC_IMPLEMENTATIONS = YES;
				CLANG_WARN_DIRECT_OBJC_ISA_USAGE = YES_ERROR;
				CLANG_WARN_DOCUMENTATION_COMMENTS = YES;
				CLANG_WARN_EMPTY_BODY = YES;
				CLANG_WARN_ENUM_CONVERSION = YES;
				CLANG_WARN_INFINITE_RECURSION = YES;
				CLANG_WARN_INT_CONVERSION = YES;
				CLANG_WARN_NON_LITERAL_NULL_CONVERSION = YES;
				CLANG_WARN_OBJC_IMPLICIT_RETAIN_SELF = YES;
				CLANG_WARN_OBJC_LITERAL_CONVERSION = YES;
				CLANG_WARN_OBJC_ROOT_CLASS = YES_ERROR;
				CLANG_WARN_QUOTED_INCLUDE_IN_FRAMEWORK_HEADER = YES;
				CLANG_WARN_RANGE_LOOP_ANALYSIS = YES;
				CLANG_WARN_STRICT_PROTOTYPES = YES;
				CLANG_WARN_SUSPICIOUS_MOVE = YES;
				CLANG_WARN_UNGUARDED_AVAILABILITY = YES_AGGRESSIVE;
				CLANG_WARN_UNREACHABLE_CODE = YES;
				CLANG_WARN__DUPLICATE_METHOD_MATCH = YES;
				COPY_PHASE_STRIP = NO;
				DEBUG_INFORMATION_FORMAT = "dwarf-with-dsym";
				ENABLE_NS_ASSERTIONS = NO;
				ENABLE_STRICT_OBJC_MSGSEND = YES;
				GCC_C_LANGUAGE_STANDARD = gnu11;
				GCC_NO_COMMON_BLOCKS = YES;
				GCC_WARN_64_TO_32_BIT_CONVERSION = YES;
				GCC_WARN_ABOUT_RETURN_TYPE = YES_ERROR;
				GCC_WARN_UNDECLARED_SELECTOR = YES;
				GCC_WARN_UNINITIALIZED_AUTOS = YES_AGGRESSIVE;
				GCC_WARN_UNUSED_FUNCTION = YES;
				GCC_WARN_UNUSED_VARIABLE = YES;
				IPHONEOS_DEPLOYMENT_TARGET = 15.0;
				MTL_ENABLE_DEBUG_INFO = NO;
				MTL_FAST_MATH = YES;
				SDKROOT = iphoneos;
				SWIFT_COMPILATION_MODE = wholemodule;
				SWIFT_OPTIMIZATION_LEVEL = "-O";
				VALIDATE_PRODUCT = YES;
			};
			name = Release;
		};
		F9B3E6D72A160B56002AEB60 /* Debug */ = {
			isa = XCBuildConfiguration;
			baseConfigurationReference = 68076D36F642FED0E01F5238 /* Pods-BannerCollectionViewDemo.debug.xcconfig */;
			buildSettings = {
				ASSETCATALOG_COMPILER_APPICON_NAME = AppIcon;
				ASSETCATALOG_COMPILER_GLOBAL_ACCENT_COLOR_NAME = AccentColor;
				CODE_SIGN_STYLE = Automatic;
				CURRENT_PROJECT_VERSION = 1;
				GENERATE_INFOPLIST_FILE = YES;
				INFOPLIST_FILE = BannerCollectionViewDemo/Info.plist;
				INFOPLIST_KEY_UIApplicationSupportsIndirectInputEvents = YES;
				INFOPLIST_KEY_UILaunchStoryboardName = LaunchScreen;
				INFOPLIST_KEY_UIMainStoryboardFile = Main;
				INFOPLIST_KEY_UISupportedInterfaceOrientations_iPad = "UIInterfaceOrientationPortrait UIInterfaceOrientationPortraitUpsideDown UIInterfaceOrientationLandscapeLeft UIInterfaceOrientationLandscapeRight";
				INFOPLIST_KEY_UISupportedInterfaceOrientations_iPhone = "UIInterfaceOrientationPortrait UIInterfaceOrientationLandscapeLeft UIInterfaceOrientationLandscapeRight";
				IPHONEOS_DEPLOYMENT_TARGET = 15.0;
				LD_RUNPATH_SEARCH_PATHS = (
					"$(inherited)",
					"@executable_path/Frameworks",
				);
				MARKETING_VERSION = 1.0;
				PRODUCT_BUNDLE_IDENTIFIER = com.example.BannerCollectionViewDemo;
				PRODUCT_NAME = "$(TARGET_NAME)";
				SWIFT_EMIT_LOC_STRINGS = YES;
				SWIFT_VERSION = 5.0;
				TARGETED_DEVICE_FAMILY = "1,2";
			};
			name = Debug;
		};
		F9B3E6D82A160B56002AEB60 /* Release */ = {
			isa = XCBuildConfiguration;
			baseConfigurationReference = 6AB0C2493EC4C53A3C044E5C /* Pods-BannerCollectionViewDemo.release.xcconfig */;
			buildSettings = {
				ASSETCATALOG_COMPILER_APPICON_NAME = AppIcon;
				ASSETCATALOG_COMPILER_GLOBAL_ACCENT_COLOR_NAME = AccentColor;
				CODE_SIGN_STYLE = Automatic;
				CURRENT_PROJECT_VERSION = 1;
				GENERATE_INFOPLIST_FILE = YES;
				INFOPLIST_FILE = BannerCollectionViewDemo/Info.plist;
				INFOPLIST_KEY_UIApplicationSupportsIndirectInputEvents = YES;
				INFOPLIST_KEY_UILaunchStoryboardName = LaunchScreen;
				INFOPLIST_KEY_UIMainStoryboardFile = Main;
				INFOPLIST_KEY_UISupportedInterfaceOrientations_iPad = "UIInterfaceOrientationPortrait UIInterfaceOrientationPortraitUpsideDown UIInterfaceOrientationLandscapeLeft UIInterfaceOrientationLandscapeRight";
				INFOPLIST_KEY_UISupportedInterfaceOrientations_iPhone = "UIInterfaceOrientationPortrait UIInterfaceOrientationLandscapeLeft UIInterfaceOrientationLandscapeRight";
				IPHONEOS_DEPLOYMENT_TARGET = 15.0;
				LD_RUNPATH_SEARCH_PATHS = (
					"$(inherited)",
					"@executable_path/Frameworks",
				);
				MARKETING_VERSION = 1.0;
				PRODUCT_BUNDLE_IDENTIFIER = com.example.BannerCollectionViewDemo;
				PRODUCT_NAME = "$(TARGET_NAME)";
				SWIFT_EMIT_LOC_STRINGS = YES;
				SWIFT_VERSION = 5.0;
				TARGETED_DEVICE_FAMILY = "1,2";
			};
			name = Release;
		};
/* End XCBuildConfiguration section */

/* Begin XCConfigurationList section */
		F9B3E6BD2A160B52002AEB60 /* Build configuration list for PBXProject "BannerCollectionViewDemo" */ = {
			isa = XCConfigurationList;
			buildConfigurations = (
				F9B3E6D42A160B56002AEB60 /* Debug */,
				F9B3E6D52A160B56002AEB60 /* Release */,
			);
			defaultConfigurationIsVisible = 0;
			defaultConfigurationName = Release;
		};
		F9B3E6D62A160B56002AEB60 /* Build configuration list for PBXNativeTarget "BannerCollectionViewDemo" */ = {
			isa = XCConfigurationList;
			buildConfigurations = (
				F9B3E6D72A160B56002AEB60 /* Debug */,
				F9B3E6D82A160B56002AEB60 /* Release */,
			);
			defaultConfigurationIsVisible = 0;
			defaultConfigurationName = Release;
		};
/* End XCConfigurationList section */

/* Begin XCRemoteSwiftPackageReference section */
		F959FA3E2A1611B4008637B5 /* XCRemoteSwiftPackageReference "SDWebImage" */ = {
			isa = XCRemoteSwiftPackageReference;
			repositoryURL = "https://github.com/SDWebImage/SDWebImage.git";
			requirement = {
				kind = upToNextMajorVersion;
				minimumVersion = 5.0.0;
			};
		};
/* End XCRemoteSwiftPackageReference section */

/* Begin XCSwiftPackageProductDependency section */
		F959FA3F2A1611B4008637B5 /* SDWebImage */ = {
			isa = XCSwiftPackageProductDependency;
			package = F959FA3E2A1611B4008637B5 /* XCRemoteSwiftPackageReference "SDWebImage" */;
			productName = SDWebImage;
		};
/* End XCSwiftPackageProductDependency section */
	};
	rootObject = F9B3E6BA2A160B52002AEB60 /* Project object */;
}
